
Microsoft Visual Studio Solution File, Format Version 10.00
# Visual Studio 2008
Project("{FAE04EC0-301F-11D3-BF4B-00C04F79EFBC}") = "Dongle", "Dongle\Dongle.csproj", "{0405B461-2953-4F74-B2AC-B42B7F0859C3}"
EndProject
Global
	GlobalSection(SolutionConfigurationPlatforms) = preSolution
		Debug|Any CPU = Debug|Any CPU
		Release|Any CPU = Release|Any CPU
	EndGlobalSection
	GlobalSection(ProjectConfigurationPlatforms) = postSolution
		{0405B461-2953-4F74-B2AC-B42B7F0859C3}.Debug|Any CPU.ActiveCfg = Debug|Any CPU
		{0405B461-2953-4F74-B2AC-B42B7F0859C3}.Debug|Any CPU.Build.0 = Debug|Any CPU
		{0405B461-2953-4F74-B2AC-B42B7F0859C3}.Release|Any CPU.ActiveCfg = Release|Any CPU
		{0405B461-2953-4F74-B2AC-B42B7F0859C3}.Release|Any CPU.Build.0 = Release|Any CPU
	EndGlobalSection
	GlobalSection(SolutionProperties) = preSolution
		HideSolutionNode = FALSE
	EndGlobalSection
EndGlobal
